
Microsoft Visual Studio Solution File, Format Version 12.00
# Visual Studio 15
VisualStudioVersion = 15.0.28307.271
MinimumVisualStudioVersion = 10.0.40219.1
Project("{FAE04EC0-301F-11D3-BF4B-00C04F79EFBC}") = "ReadExcel", "ReadExcel\ReadExcel.csproj", "{C47503AB-2C86-4480-A144-DE72CE23523F}"
EndProject
Project("{FAE04EC0-301F-11D3-BF4B-00C04F79EFBC}") = "DataLayer", "DataLayer\DataLayer.csproj", "{3576B294-740C-4896-889A-41DE964B7288}"
EndProject
Global
	GlobalSection(SolutionConfigurationPlatforms) = preSolution
		Debug|Any CPU = Debug|Any CPU
		Release|Any CPU = Release|Any CPU
	EndGlobalSection
	GlobalSection(ProjectConfigurationPlatforms) = postSolution
		{C47503AB-2C86-4480-A144-DE72CE23523F}.Debug|Any CPU.ActiveCfg = Debug|Any CPU
		{C47503AB-2C86-4480-A144-DE72CE23523F}.Debug|Any CPU.Build.0 = Debug|Any CPU
		{C47503AB-2C86-4480-A144-DE72CE23523F}.Release|Any CPU.ActiveCfg = Release|Any CPU
		{C47503AB-2C86-4480-A144-DE72CE23523F}.Release|Any CPU.Build.0 = Release|Any CPU
		{3576B294-740C-4896-889A-41DE964B7288}.Debug|Any CPU.ActiveCfg = Debug|Any CPU
		{3576B294-740C-4896-889A-41DE964B7288}.Debug|Any CPU.Build.0 = Debug|Any CPU
		{3576B294-740C-4896-889A-41DE964B7288}.Release|Any CPU.ActiveCfg = Release|Any CPU
		{3576B294-740C-4896-889A-41DE964B7288}.Release|Any CPU.Build.0 = Release|Any CPU
	EndGlobalSection
	GlobalSection(SolutionProperties) = preSolution
		HideSolutionNode = FALSE
	EndGlobalSection
	GlobalSection(ExtensibilityGlobals) = postSolution
		SolutionGuid = {76AD8663-2507-4C11-AE7D-AD4A4FE0C469}
	EndGlobalSection
EndGlobal
